<?xml version="1.0" encoding="utf-8"?>
<Project ToolsVersion="4.0" xmlns="http://schemas.microsoft.com/developer/msbuild/2003">
  <ItemGroup>
    <ClCompile Include="code\lib\LGPL\iLOG3\LOG.c">
      <Filter>lib\LGPL\iLOG3</Filter>
    </ClCompile>
    <ClCompile Include="code\lib\LGPL\iLOG3\LOGCONF.c">
      <Filter>lib\LGPL\iLOG3</Filter>
    </ClCompile>
    <ClCompile Include="code\lib\LGPL\iLOG3\LOGS.c">
      <Filter>lib\LGPL\iLOG3</Filter>
    </ClCompile>
    <ClCompile Include="code\lib\LGPL\iLOG3\LOGSCONF.c">
      <Filter>lib\LGPL\iLOG3</Filter>
    </ClCompile>
    <ClCompile Include="code\Linux.HttpServer.c" />
  </ItemGroup>
  <ItemGroup>
    <Filter Include="doc">
      <UniqueIdentifier>{291c503f-836e-477f-80db-4f3f51280b6a}</UniqueIdentifier>
    </Filter>
    <Filter Include="doc\lib">
      <UniqueIdentifier>{6cbd674d-462a-4852-aef0-177427b32960}</UniqueIdentifier>
    </Filter>
    <Filter Include="doc\lib\LGPL">
      <UniqueIdentifier>{160c788e-573c-4912-8a50-dde9f142a6c2}</UniqueIdentifier>
    </Filter>
    <Filter Include="doc\lib\LGPL\iLog3">
      <UniqueIdentifier>{efea265f-d44f-4afa-ad62-4ada2aac506e}</UniqueIdentifier>
    </Filter>
    <Filter Include="lib">
      <UniqueIdentifier>{bd70956d-1d5c-430f-9a06-72aa22e0cc03}</UniqueIdentifier>
    </Filter>
    <Filter Include="lib\LGPL">
      <UniqueIdentifier>{667a1f12-08c3-4079-99c6-e33cfd246b6f}</UniqueIdentifier>
    </Filter>
    <Filter Include="lib\LGPL\iLOG3">
      <UniqueIdentifier>{e1e3140a-2749-4a11-8d88-38174427a585}</UniqueIdentifier>
    </Filter>
    <Filter Include="resources">
      <UniqueIdentifier>{3af44cdd-33fe-4649-b10b-9051b2ea9837}</UniqueIdentifier>
    </Filter>
  </ItemGroup>
  <ItemGroup>
    <ClInclude Include="code\lib\LGPL\iLOG3\LOG.h">
      <Filter>lib\LGPL\iLOG3</Filter>
    </ClInclude>
    <ClInclude Include="code\lib\LGPL\iLOG3\LOGCONF.h">
      <Filter>lib\LGPL\iLOG3</Filter>
    </ClInclude>
    <ClInclude Include="code\lib\LGPL\iLOG3\LOGS.h">
      <Filter>lib\LGPL\iLOG3</Filter>
    </ClInclude>
    <ClInclude Include="code\lib\LGPL\iLOG3\LOGSCONF.h">
      <Filter>lib\LGPL\iLOG3</Filter>
    </ClInclude>
  </ItemGroup>
  <ItemGroup>
    <None Include="code\lib\LGPL\iLOG3\doc\INSTALL">
      <Filter>doc\lib\LGPL\iLog3</Filter>
    </None>
    <None Include="code\lib\LGPL\iLOG3\doc\LICENSE">
      <Filter>doc\lib\LGPL\iLog3</Filter>
    </None>
    <None Include="code\lib\LGPL\iLOG3\doc\README">
      <Filter>doc\lib\LGPL\iLog3</Filter>
    </None>
    <None Include="code\lib\LGPL\iLOG3\doc\README-CN">
      <Filter>doc\lib\LGPL\iLog3</Filter>
    </None>
    <None Include="code\lib\LGPL\iLOG3\doc\README-EN">
      <Filter>doc\lib\LGPL\iLog3</Filter>
    </None>
    <None Include="LICENSE">
      <Filter>doc</Filter>
    </None>
    <None Include="code\resources\default-logs.conf">
      <Filter>resources</Filter>
    </None>
  </ItemGroup>
</Project>